
Microsoft Visual Studio Solution File, Format Version 12.00
# Visual Studio Version 17
VisualStudioVersion = 17.6.33723.286
MinimumVisualStudioVersion = 10.0.40219.1
Project("{FAE04EC0-301F-11D3-BF4B-00C04F79EFBC}") = "XNotes.Android", "XNotes\XNotes.Android\XNotes.Android.csproj", "{466A735C-1654-4C88-9743-A5B334B6C755}"
EndProject
Project("{9A19103F-16F7-4668-BE54-9A1E7A4F7556}") = "XNotes", "XNotes\XNotes\XNotes.csproj", "{A59BDD81-11EE-45A7-8C14-D957970C6EF1}"
EndProject
Global
	GlobalSection(SolutionConfigurationPlatforms) = preSolution
		Debug|Any CPU = Debug|Any CPU
		Release|Any CPU = Release|Any CPU
	EndGlobalSection
	GlobalSection(ProjectConfigurationPlatforms) = postSolution
		{466A735C-1654-4C88-9743-A5B334B6C755}.Debug|Any CPU.ActiveCfg = Debug|Any CPU
		{466A735C-1654-4C88-9743-A5B334B6C755}.Debug|Any CPU.Build.0 = Debug|Any CPU
		{466A735C-1654-4C88-9743-A5B334B6C755}.Debug|Any CPU.Deploy.0 = Debug|Any CPU
		{466A735C-1654-4C88-9743-A5B334B6C755}.Release|Any CPU.ActiveCfg = Release|Any CPU
		{466A735C-1654-4C88-9743-A5B334B6C755}.Release|Any CPU.Build.0 = Release|Any CPU
		{466A735C-1654-4C88-9743-A5B334B6C755}.Release|Any CPU.Deploy.0 = Release|Any CPU
		{A59BDD81-11EE-45A7-8C14-D957970C6EF1}.Debug|Any CPU.ActiveCfg = Debug|Any CPU
		{A59BDD81-11EE-45A7-8C14-D957970C6EF1}.Debug|Any CPU.Build.0 = Debug|Any CPU
		{A59BDD81-11EE-45A7-8C14-D957970C6EF1}.Release|Any CPU.ActiveCfg = Release|Any CPU
		{A59BDD81-11EE-45A7-8C14-D957970C6EF1}.Release|Any CPU.Build.0 = Release|Any CPU
	EndGlobalSection
	GlobalSection(SolutionProperties) = preSolution
		HideSolutionNode = FALSE
	EndGlobalSection
	GlobalSection(ExtensibilityGlobals) = postSolution
		SolutionGuid = {06B8D396-9AF9-4BEA-A006-26B4C0C61D7C}
	EndGlobalSection
EndGlobal
